
Microsoft Visual Studio Solution File, Format Version 12.00
# Visual Studio Version 17
VisualStudioVersion = 17.0.31903.59
MinimumVisualStudioVersion = 10.0.40219.1
Project("{FAE04EC0-301F-11D3-BF4B-00C04F79EFBC}") = "UpdateVehicleRegisterWhenFullPO", "UpdateVehicleRegisterWhenFullPO\UpdateVehicleRegisterWhenFullPO.csproj", "{5F826080-58BC-4687-B22F-CDCD93E17E67}"
EndProject
Global
	GlobalSection(SolutionConfigurationPlatforms) = preSolution
		Debug|Any CPU = Debug|Any CPU
		Release|Any CPU = Release|Any CPU
	EndGlobalSection
	GlobalSection(ProjectConfigurationPlatforms) = postSolution
		{5F826080-58BC-4687-B22F-CDCD93E17E67}.Debug|Any CPU.ActiveCfg = Debug|Any CPU
		{5F826080-58BC-4687-B22F-CDCD93E17E67}.Debug|Any CPU.Build.0 = Debug|Any CPU
		{5F826080-58BC-4687-B22F-CDCD93E17E67}.Release|Any CPU.ActiveCfg = Release|Any CPU
		{5F826080-58BC-4687-B22F-CDCD93E17E67}.Release|Any CPU.Build.0 = Release|Any CPU
	EndGlobalSection
	GlobalSection(SolutionProperties) = preSolution
		HideSolutionNode = FALSE
	EndGlobalSection
	GlobalSection(ExtensibilityGlobals) = postSolution
		SolutionGuid = {5AB716A7-2625-4C89-BFB6-E980FA831065}
	EndGlobalSection
EndGlobal
